
Microsoft Visual Studio Solution File, Format Version 12.00
# Visual Studio 15
VisualStudioVersion = 15.0.26124.0
MinimumVisualStudioVersion = 15.0.26124.0
Project("{9A19103F-16F7-4668-BE54-9A1E7A4F7556}") = "API", "API\API.csproj", "{3A45EBB3-B34E-4D3B-8880-FC26003EAAC5}"
EndProject
Project("{2150E333-8FDC-42A3-9474-1A3956D46DE8}") = "1 - Service", "1 - Service", "{E274524A-058B-42AA-BA37-2CEBD5D25FC7}"
EndProject
Project("{2150E333-8FDC-42A3-9474-1A3956D46DE8}") = "2 - Application", "2 - Application", "{C15FE4D9-B6F0-464C-9C59-F5C7DEB7C647}"
EndProject
Project("{2150E333-8FDC-42A3-9474-1A3956D46DE8}") = "3 - Domain", "3 - Domain", "{6851C2E1-B568-45ED-81AE-C86BC524A364}"
EndProject
Project("{2150E333-8FDC-42A3-9474-1A3956D46DE8}") = "4 - Infrastructure", "4 - Infrastructure", "{952D7AB1-57B7-430F-A895-CE20368619ED}"
EndProject
Project("{FAE04EC0-301F-11D3-BF4B-00C04F79EFBC}") = "CrossCutting", "CrossCutting\CrossCutting.csproj", "{9FBD77FB-367D-43F6-8A94-1C96083CFAC4}"
EndProject
Project("{FAE04EC0-301F-11D3-BF4B-00C04F79EFBC}") = "Data", "Data\Data.csproj", "{E16EE939-5DD9-4469-89BD-08F4166B1675}"
EndProject
Project("{FAE04EC0-301F-11D3-BF4B-00C04F79EFBC}") = "Service", "Service\Service.csproj", "{992F7468-418F-49CC-9994-2B34DFCAC1A0}"
EndProject
Project("{FAE04EC0-301F-11D3-BF4B-00C04F79EFBC}") = "Domain", "Domain\Domain.csproj", "{E9AC600B-ACB1-486E-88A6-BDBEBA65BEE3}"
EndProject
Global
	GlobalSection(SolutionConfigurationPlatforms) = preSolution
		Debug|Any CPU = Debug|Any CPU
		Debug|x64 = Debug|x64
		Debug|x86 = Debug|x86
		Release|Any CPU = Release|Any CPU
		Release|x64 = Release|x64
		Release|x86 = Release|x86
	EndGlobalSection
	GlobalSection(ProjectConfigurationPlatforms) = postSolution
		{3A45EBB3-B34E-4D3B-8880-FC26003EAAC5}.Debug|Any CPU.ActiveCfg = Debug|Any CPU
		{3A45EBB3-B34E-4D3B-8880-FC26003EAAC5}.Debug|Any CPU.Build.0 = Debug|Any CPU
		{3A45EBB3-B34E-4D3B-8880-FC26003EAAC5}.Debug|x64.ActiveCfg = Debug|Any CPU
		{3A45EBB3-B34E-4D3B-8880-FC26003EAAC5}.Debug|x64.Build.0 = Debug|Any CPU
		{3A45EBB3-B34E-4D3B-8880-FC26003EAAC5}.Debug|x86.ActiveCfg = Debug|Any CPU
		{3A45EBB3-B34E-4D3B-8880-FC26003EAAC5}.Debug|x86.Build.0 = Debug|Any CPU
		{3A45EBB3-B34E-4D3B-8880-FC26003EAAC5}.Release|Any CPU.ActiveCfg = Release|Any CPU
		{3A45EBB3-B34E-4D3B-8880-FC26003EAAC5}.Release|Any CPU.Build.0 = Release|Any CPU
		{3A45EBB3-B34E-4D3B-8880-FC26003EAAC5}.Release|x64.ActiveCfg = Release|Any CPU
		{3A45EBB3-B34E-4D3B-8880-FC26003EAAC5}.Release|x64.Build.0 = Release|Any CPU
		{3A45EBB3-B34E-4D3B-8880-FC26003EAAC5}.Release|x86.ActiveCfg = Release|Any CPU
		{3A45EBB3-B34E-4D3B-8880-FC26003EAAC5}.Release|x86.Build.0 = Release|Any CPU
		{9FBD77FB-367D-43F6-8A94-1C96083CFAC4}.Debug|Any CPU.ActiveCfg = Debug|Any CPU
		{9FBD77FB-367D-43F6-8A94-1C96083CFAC4}.Debug|Any CPU.Build.0 = Debug|Any CPU
		{9FBD77FB-367D-43F6-8A94-1C96083CFAC4}.Debug|x64.ActiveCfg = Debug|Any CPU
		{9FBD77FB-367D-43F6-8A94-1C96083CFAC4}.Debug|x64.Build.0 = Debug|Any CPU
		{9FBD77FB-367D-43F6-8A94-1C96083CFAC4}.Debug|x86.ActiveCfg = Debug|Any CPU
		{9FBD77FB-367D-43F6-8A94-1C96083CFAC4}.Debug|x86.Build.0 = Debug|Any CPU
		{9FBD77FB-367D-43F6-8A94-1C96083CFAC4}.Release|Any CPU.ActiveCfg = Release|Any CPU
		{9FBD77FB-367D-43F6-8A94-1C96083CFAC4}.Release|Any CPU.Build.0 = Release|Any CPU
		{9FBD77FB-367D-43F6-8A94-1C96083CFAC4}.Release|x64.ActiveCfg = Release|Any CPU
		{9FBD77FB-367D-43F6-8A94-1C96083CFAC4}.Release|x64.Build.0 = Release|Any CPU
		{9FBD77FB-367D-43F6-8A94-1C96083CFAC4}.Release|x86.ActiveCfg = Release|Any CPU
		{9FBD77FB-367D-43F6-8A94-1C96083CFAC4}.Release|x86.Build.0 = Release|Any CPU
		{E16EE939-5DD9-4469-89BD-08F4166B1675}.Debug|Any CPU.ActiveCfg = Debug|Any CPU
		{E16EE939-5DD9-4469-89BD-08F4166B1675}.Debug|Any CPU.Build.0 = Debug|Any CPU
		{E16EE939-5DD9-4469-89BD-08F4166B1675}.Debug|x64.ActiveCfg = Debug|Any CPU
		{E16EE939-5DD9-4469-89BD-08F4166B1675}.Debug|x64.Build.0 = Debug|Any CPU
		{E16EE939-5DD9-4469-89BD-08F4166B1675}.Debug|x86.ActiveCfg = Debug|Any CPU
		{E16EE939-5DD9-4469-89BD-08F4166B1675}.Debug|x86.Build.0 = Debug|Any CPU
		{E16EE939-5DD9-4469-89BD-08F4166B1675}.Release|Any CPU.ActiveCfg = Release|Any CPU
		{E16EE939-5DD9-4469-89BD-08F4166B1675}.Release|Any CPU.Build.0 = Release|Any CPU
		{E16EE939-5DD9-4469-89BD-08F4166B1675}.Release|x64.ActiveCfg = Release|Any CPU
		{E16EE939-5DD9-4469-89BD-08F4166B1675}.Release|x64.Build.0 = Release|Any CPU
		{E16EE939-5DD9-4469-89BD-08F4166B1675}.Release|x86.ActiveCfg = Release|Any CPU
		{E16EE939-5DD9-4469-89BD-08F4166B1675}.Release|x86.Build.0 = Release|Any CPU
		{992F7468-418F-49CC-9994-2B34DFCAC1A0}.Debug|Any CPU.ActiveCfg = Debug|Any CPU
		{992F7468-418F-49CC-9994-2B34DFCAC1A0}.Debug|Any CPU.Build.0 = Debug|Any CPU
		{992F7468-418F-49CC-9994-2B34DFCAC1A0}.Debug|x64.ActiveCfg = Debug|Any CPU
		{992F7468-418F-49CC-9994-2B34DFCAC1A0}.Debug|x64.Build.0 = Debug|Any CPU
		{992F7468-418F-49CC-9994-2B34DFCAC1A0}.Debug|x86.ActiveCfg = Debug|Any CPU
		{992F7468-418F-49CC-9994-2B34DFCAC1A0}.Debug|x86.Build.0 = Debug|Any CPU
		{992F7468-418F-49CC-9994-2B34DFCAC1A0}.Release|Any CPU.ActiveCfg = Release|Any CPU
		{992F7468-418F-49CC-9994-2B34DFCAC1A0}.Release|Any CPU.Build.0 = Release|Any CPU
		{992F7468-418F-49CC-9994-2B34DFCAC1A0}.Release|x64.ActiveCfg = Release|Any CPU
		{992F7468-418F-49CC-9994-2B34DFCAC1A0}.Release|x64.Build.0 = Release|Any CPU
		{992F7468-418F-49CC-9994-2B34DFCAC1A0}.Release|x86.ActiveCfg = Release|Any CPU
		{992F7468-418F-49CC-9994-2B34DFCAC1A0}.Release|x86.Build.0 = Release|Any CPU
		{E9AC600B-ACB1-486E-88A6-BDBEBA65BEE3}.Debug|Any CPU.ActiveCfg = Debug|Any CPU
		{E9AC600B-ACB1-486E-88A6-BDBEBA65BEE3}.Debug|Any CPU.Build.0 = Debug|Any CPU
		{E9AC600B-ACB1-486E-88A6-BDBEBA65BEE3}.Debug|x64.ActiveCfg = Debug|Any CPU
		{E9AC600B-ACB1-486E-88A6-BDBEBA65BEE3}.Debug|x64.Build.0 = Debug|Any CPU
		{E9AC600B-ACB1-486E-88A6-BDBEBA65BEE3}.Debug|x86.ActiveCfg = Debug|Any CPU
		{E9AC600B-ACB1-486E-88A6-BDBEBA65BEE3}.Debug|x86.Build.0 = Debug|Any CPU
		{E9AC600B-ACB1-486E-88A6-BDBEBA65BEE3}.Release|Any CPU.ActiveCfg = Release|Any CPU
		{E9AC600B-ACB1-486E-88A6-BDBEBA65BEE3}.Release|Any CPU.Build.0 = Release|Any CPU
		{E9AC600B-ACB1-486E-88A6-BDBEBA65BEE3}.Release|x64.ActiveCfg = Release|Any CPU
		{E9AC600B-ACB1-486E-88A6-BDBEBA65BEE3}.Release|x64.Build.0 = Release|Any CPU
		{E9AC600B-ACB1-486E-88A6-BDBEBA65BEE3}.Release|x86.ActiveCfg = Release|Any CPU
		{E9AC600B-ACB1-486E-88A6-BDBEBA65BEE3}.Release|x86.Build.0 = Release|Any CPU
	EndGlobalSection
	GlobalSection(SolutionProperties) = preSolution
		HideSolutionNode = FALSE
	EndGlobalSection
	GlobalSection(NestedProjects) = preSolution
		{3A45EBB3-B34E-4D3B-8880-FC26003EAAC5} = {E274524A-058B-42AA-BA37-2CEBD5D25FC7}
		{9FBD77FB-367D-43F6-8A94-1C96083CFAC4} = {952D7AB1-57B7-430F-A895-CE20368619ED}
		{E16EE939-5DD9-4469-89BD-08F4166B1675} = {952D7AB1-57B7-430F-A895-CE20368619ED}
		{992F7468-418F-49CC-9994-2B34DFCAC1A0} = {C15FE4D9-B6F0-464C-9C59-F5C7DEB7C647}
		{E9AC600B-ACB1-486E-88A6-BDBEBA65BEE3} = {6851C2E1-B568-45ED-81AE-C86BC524A364}
	EndGlobalSection
	GlobalSection(ExtensibilityGlobals) = postSolution
		SolutionGuid = {D36AB02B-FBA4-4367-A012-3FACA9956355}
	EndGlobalSection
EndGlobal
